
Microsoft Visual Studio Solution File, Format Version 11.00
# Visual Studio 2010
Project("{FAE04EC0-301F-11D3-BF4B-00C04F79EFBC}") = "API", "API\API.csproj", "{6E8B0626-FB9F-4049-ACC2-4070713BD5C3}"
EndProject
Project("{FAE04EC0-301F-11D3-BF4B-00C04F79EFBC}") = "APIIntegrationTests", "APIIntegrationTests\APIIntegrationTests.csproj", "{71ED1996-1586-437D-B73E-2DEAE6315406}"
EndProject
Global
	GlobalSection(SolutionConfigurationPlatforms) = preSolution
		Debug|Any CPU = Debug|Any CPU
		Release|Any CPU = Release|Any CPU
	EndGlobalSection
	GlobalSection(ProjectConfigurationPlatforms) = postSolution
		{6E8B0626-FB9F-4049-ACC2-4070713BD5C3}.Debug|Any CPU.ActiveCfg = Debug|Any CPU
		{6E8B0626-FB9F-4049-ACC2-4070713BD5C3}.Debug|Any CPU.Build.0 = Debug|Any CPU
		{6E8B0626-FB9F-4049-ACC2-4070713BD5C3}.Release|Any CPU.ActiveCfg = Release|Any CPU
		{6E8B0626-FB9F-4049-ACC2-4070713BD5C3}.Release|Any CPU.Build.0 = Release|Any CPU
		{71ED1996-1586-437D-B73E-2DEAE6315406}.Debug|Any CPU.ActiveCfg = Debug|Any CPU
		{71ED1996-1586-437D-B73E-2DEAE6315406}.Debug|Any CPU.Build.0 = Debug|Any CPU
		{71ED1996-1586-437D-B73E-2DEAE6315406}.Release|Any CPU.ActiveCfg = Release|Any CPU
		{71ED1996-1586-437D-B73E-2DEAE6315406}.Release|Any CPU.Build.0 = Release|Any CPU
	EndGlobalSection
	GlobalSection(SolutionProperties) = preSolution
		HideSolutionNode = FALSE
	EndGlobalSection
EndGlobal
